
Microsoft Visual Studio Solution File, Format Version 12.00
# Visual Studio Version 16
VisualStudioVersion = 16.0.31019.35
MinimumVisualStudioVersion = 10.0.40219.1
Project("{FAE04EC0-301F-11D3-BF4B-00C04F79EFBC}") = "bird", "bird\bird.csproj", "{46DF909E-4622-43BE-A5AC-75F25BC842DB}"
EndProject
Global
	GlobalSection(SolutionConfigurationPlatforms) = preSolution
		Debug|Any CPU = Debug|Any CPU
		Release|Any CPU = Release|Any CPU
	EndGlobalSection
	GlobalSection(ProjectConfigurationPlatforms) = postSolution
		{46DF909E-4622-43BE-A5AC-75F25BC842DB}.Debug|Any CPU.ActiveCfg = Debug|Any CPU
		{46DF909E-4622-43BE-A5AC-75F25BC842DB}.Debug|Any CPU.Build.0 = Debug|Any CPU
		{46DF909E-4622-43BE-A5AC-75F25BC842DB}.Release|Any CPU.ActiveCfg = Release|Any CPU
		{46DF909E-4622-43BE-A5AC-75F25BC842DB}.Release|Any CPU.Build.0 = Release|Any CPU
	EndGlobalSection
	GlobalSection(SolutionProperties) = preSolution
		HideSolutionNode = FALSE
	EndGlobalSection
	GlobalSection(ExtensibilityGlobals) = postSolution
		SolutionGuid = {0CC0E6DC-6531-4CD0-BB9B-41AF63DDEFD0}
	EndGlobalSection
EndGlobal
